Microsoft Visual Studio Solution File, Format Version 12.00
# Visual Studio Version 17
VisualStudioVersion = 17.0.31903.59
MinimumVisualStudioVersion = 10.0.40219.1
Project("{9A19103F-16F7-4668-BE54-9A1E7A4F7556}") = "SystemManagement.Domain", "src\SystemManagement.Domain\SystemManagement.Domain.csproj", "{9ACD11EF-F8A7-467B-B867-0AF0990525B2}"
EndProject
Project("{9A19103F-16F7-4668-BE54-9A1E7A4F7556}") = "SystemManagement.Application", "src\SystemManagement.Application\SystemManagement.Application.csproj", "{49D64CBA-8016-4B4C-B899-72A55A699EB2}"
EndProject
Project("{9A19103F-16F7-4668-BE54-9A1E7A4F7556}") = "SystemManagement.Infrastructure", "src\SystemManagement.Infrastructure\SystemManagement.Infrastructure.csproj", "{CA4B7FC2-4728-4B3F-8029-7D26301ACACF}"
EndProject
Project("{9A19103F-16F7-4668-BE54-9A1E7A4F7556}") = "SystemManagement.WebApi", "src\SystemManagement.WebApi\SystemManagement.WebApi.csproj", "{006783EB-925C-434F-A735-8658A4BF4FB0}"
EndProject
Global
	GlobalSection(SolutionConfigurationPlatforms) = preSolution
		Debug|Any CPU = Debug|Any CPU
		Release|Any CPU = Release|Any CPU
	EndGlobalSection
	GlobalSection(ProjectConfigurationPlatforms) = postSolution
		{9ACD11EF-F8A7-467B-B867-0AF0990525B2}.Debug|Any CPU.ActiveCfg = Debug|Any CPU
		{9ACD11EF-F8A7-467B-B867-0AF0990525B2}.Debug|Any CPU.Build.0 = Debug|Any CPU
		{9ACD11EF-F8A7-467B-B867-0AF0990525B2}.Release|Any CPU.ActiveCfg = Release|Any CPU
		{9ACD11EF-F8A7-467B-B867-0AF0990525B2}.Release|Any CPU.Build.0 = Release|Any CPU
		{49D64CBA-8016-4B4C-B899-72A55A699EB2}.Debug|Any CPU.ActiveCfg = Debug|Any CPU
		{49D64CBA-8016-4B4C-B899-72A55A699EB2}.Debug|Any CPU.Build.0 = Debug|Any CPU
		{49D64CBA-8016-4B4C-B899-72A55A699EB2}.Release|Any CPU.ActiveCfg = Release|Any CPU
		{49D64CBA-8016-4B4C-B899-72A55A699EB2}.Release|Any CPU.Build.0 = Release|Any CPU
		{CA4B7FC2-4728-4B3F-8029-7D26301ACACF}.Debug|Any CPU.ActiveCfg = Debug|Any CPU
		{CA4B7FC2-4728-4B3F-8029-7D26301ACACF}.Debug|Any CPU.Build.0 = Debug|Any CPU
		{CA4B7FC2-4728-4B3F-8029-7D26301ACACF}.Release|Any CPU.ActiveCfg = Release|Any CPU
		{CA4B7FC2-4728-4B3F-8029-7D26301ACACF}.Release|Any CPU.Build.0 = Release|Any CPU
		{006783EB-925C-434F-A735-8658A4BF4FB0}.Debug|Any CPU.ActiveCfg = Debug|Any CPU
		{006783EB-925C-434F-A735-8658A4BF4FB0}.Debug|Any CPU.Build.0 = Debug|Any CPU
		{006783EB-925C-434F-A735-8658A4BF4FB0}.Release|Any CPU.ActiveCfg = Release|Any CPU
		{006783EB-925C-434F-A735-8658A4BF4FB0}.Release|Any CPU.Build.0 = Release|Any CPU
	EndGlobalSection
	GlobalSection(SolutionProperties) = preSolution
		HideSolutionNode = FALSE
	EndGlobalSection
EndGlobal
